// !$*UTF8*$!
{
	archiveVersion = 1;
	classes = {
	};
	objectVersion = 50;
	objects = {

/* Begin PBXBuildFile section */
		DF0CBD932090D5AE0079845E /* AssignedTaskTableViewCell.swift in Sources */ = {isa = PBXBuildFile; fileRef = DF0CBD922090D5AE0079845E /* AssignedTaskTableViewCell.swift */; };
		DF42B93A208684F800C015E4 /* Child.swift in Sources */ = {isa = PBXBuildFile; fileRef = DF42B939208684F800C015E4 /* Child.swift */; };
		DF42B93C208686FA00C015E4 /* Activity.swift in Sources */ = {isa = PBXBuildFile; fileRef = DF42B93B208686FA00C015E4 /* Activity.swift */; };
		DF42B93E20868B3A00C015E4 /* Task.swift in Sources */ = {isa = PBXBuildFile; fileRef = DF42B93D20868B3A00C015E4 /* Task.swift */; };
		DF42B94020868E4500C015E4 /* CloudKitManager.swift in Sources */ = {isa = PBXBuildFile; fileRef = DF42B93F20868E4500C015E4 /* CloudKitManager.swift */; };
		DF42B9422087C01B00C015E4 /* TabBarController.storyboard in Resources */ = {isa = PBXBuildFile; fileRef = DF42B9412087C01B00C015E4 /* TabBarController.storyboard */; };
		DF42B9462087C10700C015E4 /* ActivityList.storyboard in Resources */ = {isa = PBXBuildFile; fileRef = DF42B9452087C10700C015E4 /* ActivityList.storyboard */; };
		DF42B9482087C11300C015E4 /* TaskList.storyboard in Resources */ = {isa = PBXBuildFile; fileRef = DF42B9472087C11300C015E4 /* TaskList.storyboard */; };
		DF42B94C2087E82100C015E4 /* AddChild.storyboard in Resources */ = {isa = PBXBuildFile; fileRef = DF42B94B2087E82100C015E4 /* AddChild.storyboard */; };
		DF42B94E2088F36300C015E4 /* ActivityListViewController.swift in Sources */ = {isa = PBXBuildFile; fileRef = DF42B94D2088F36300C015E4 /* ActivityListViewController.swift */; };
		DF42B9502088F76400C015E4 /* TaskListViewController.swift in Sources */ = {isa = PBXBuildFile; fileRef = DF42B94F2088F76400C015E4 /* TaskListViewController.swift */; };
		DF42B9522088F77A00C015E4 /* ActivityDetailViewController.swift in Sources */ = {isa = PBXBuildFile; fileRef = DF42B9512088F77A00C015E4 /* ActivityDetailViewController.swift */; };
		DF705E3C208A63930038F52A /* ActivityTableViewCell.swift in Sources */ = {isa = PBXBuildFile; fileRef = DF705E3B208A63930038F52A /* ActivityTableViewCell.swift */; };
		DF705E3E208A87A40038F52A /* TaskTableViewCell.swift in Sources */ = {isa = PBXBuildFile; fileRef = DF705E3D208A87A40038F52A /* TaskTableViewCell.swift */; };
		DFC9F6492084FAD0000A7452 /* AppDelegate.swift in Sources */ = {isa = PBXBuildFile; fileRef = DFC9F6482084FAD0000A7452 /* AppDelegate.swift */; };
		DFC9F64E2084FAD0000A7452 /* Main.storyboard in Resources */ = {isa = PBXBuildFile; fileRef = DFC9F64C2084FAD0000A7452 /* Main.storyboard */; };
		DFC9F6502084FAD6000A7452 /* Assets.xcassets in Resources */ = {isa = PBXBuildFile; fileRef = DFC9F64F2084FAD6000A7452 /* Assets.xcassets */; };
		DFC9F6532084FAD6000A7452 /* LaunchScreen.storyboard in Resources */ = {isa = PBXBuildFile; fileRef = DFC9F6512084FAD6000A7452 /* LaunchScreen.storyboard */; };
		DFC9F65E2084FAD6000A7452 /* AutismSchedulerTests.swift in Sources */ = {isa = PBXBuildFile; fileRef = DFC9F65D2084FAD6000A7452 /* AutismSchedulerTests.swift */; };
		DFC9F6702084FD2B000A7452 /* CloudKit.framework in Frameworks */ = {isa = PBXBuildFile; fileRef = DFC9F66F2084FD2B000A7452 /* CloudKit.framework */; };
		DFC9F682208504D1000A7452 /* ChildController.swift in Sources */ = {isa = PBXBuildFile; fileRef = DFC9F681208504D1000A7452 /* ChildController.swift */; };
		DFC9F684208504DD000A7452 /* ActivityController.swift in Sources */ = {isa = PBXBuildFile; fileRef = DFC9F683208504DD000A7452 /* ActivityController.swift */; };
		DFC9F686208504E8000A7452 /* TaskController.swift in Sources */ = {isa = PBXBuildFile; fileRef = DFC9F685208504E8000A7452 /* TaskController.swift */; };
		DFC9F689208516C1000A7452 /* MainViewController.swift in Sources */ = {isa = PBXBuildFile; fileRef = DFC9F688208516C1000A7452 /* MainViewController.swift */; };
		DFC9F68B20851DC8000A7452 /* ChildCollectionViewCell.swift in Sources */ = {isa = PBXBuildFile; fileRef = DFC9F68A20851DC8000A7452 /* ChildCollectionViewCell.swift */; };
		DFC9F68D20851E42000A7452 /* NoChildCollectionViewCell.swift in Sources */ = {isa = PBXBuildFile; fileRef = DFC9F68C20851E42000A7452 /* NoChildCollectionViewCell.swift */; };
		DFC9F69320856821000A7452 /* AddChildViewController.swift in Sources */ = {isa = PBXBuildFile; fileRef = DFC9F69220856821000A7452 /* AddChildViewController.swift */; };
/* End PBXBuildFile section */

/* Begin PBXContainerItemProxy section */
		DFC9F65A2084FAD6000A7452 /* PBXContainerItemProxy */ = {
			isa = PBXContainerItemProxy;
			containerPortal = DFC9F63D2084FAD0000A7452 /* Project object */;
			proxyType = 1;
			remoteGlobalIDString = DFC9F6442084FAD0000A7452;
			remoteInfo = AutismScheduler;
		};
/* End PBXContainerItemProxy section */

/* Begin PBXFileReference section */
		DF0CBD922090D5AE0079845E /* AssignedTaskTableViewCell.swift */ = {isa = PBXFileReference; lastKnownFileType = sourcecode.swift; path = AssignedTaskTableViewCell.swift; sourceTree = "<group>"; };
		DF42B939208684F800C015E4 /* Child.swift */ = {isa = PBXFileReference; lastKnownFileType = sourcecode.swift; path = Child.swift; sourceTree = "<group>"; };
		DF42B93B208686FA00C015E4 /* Activity.swift */ = {isa = PBXFileReference; lastKnownFileType = sourcecode.swift; path = Activity.swift; sourceTree = "<group>"; };
		DF42B93D20868B3A00C015E4 /* Task.swift */ = {isa = PBXFileReference; lastKnownFileType = sourcecode.swift; path = Task.swift; sourceTree = "<group>"; };
		DF42B93F20868E4500C015E4 /* CloudKitManager.swift */ = {isa = PBXFileReference; lastKnownFileType = sourcecode.swift; path = CloudKitManager.swift; sourceTree = "<group>"; };
		DF42B9412087C01B00C015E4 /* TabBarController.storyboard */ = {isa = PBXFileReference; lastKnownFileType = file.storyboard; path = TabBarController.storyboard; sourceTree = "<group>"; };
		DF42B9452087C10700C015E4 /* ActivityList.storyboard */ = {isa = PBXFileReference; lastKnownFileType = file.storyboard; path = ActivityList.storyboard; sourceTree = "<group>"; };
		DF42B9472087C11300C015E4 /* TaskList.storyboard */ = {isa = PBXFileReference; lastKnownFileType = file.storyboard; path = TaskList.storyboard; sourceTree = "<group>"; };
		DF42B94B2087E82100C015E4 /* AddChild.storyboard */ = {isa = PBXFileReference; lastKnownFileType = file.storyboard; path = AddChild.storyboard; sourceTree = "<group>"; };
		DF42B94D2088F36300C015E4 /* ActivityListViewController.swift */ = {isa = PBXFileReference; lastKnownFileType = sourcecode.swift; path = ActivityListViewController.swift; sourceTree = "<group>"; };
		DF42B94F2088F76400C015E4 /* TaskListViewController.swift */ = {isa = PBXFileReference; lastKnownFileType = sourcecode.swift; path = TaskListViewController.swift; sourceTree = "<group>"; };
		DF42B9512088F77A00C015E4 /* ActivityDetailViewController.swift */ = {isa = PBXFileReference; lastKnownFileType = sourcecode.swift; path = ActivityDetailViewController.swift; sourceTree = "<group>"; };
		DF705E3B208A63930038F52A /* ActivityTableViewCell.swift */ = {isa = PBXFileReference; lastKnownFileType = sourcecode.swift; path = ActivityTableViewCell.swift; sourceTree = "<group>"; };
		DF705E3D208A87A40038F52A /* TaskTableViewCell.swift */ = {isa = PBXFileReference; lastKnownFileType = sourcecode.swift; path = TaskTableViewCell.swift; sourceTree = "<group>"; };
		DFC9F6452084FAD0000A7452 /* AutismScheduler.app */ = {isa = PBXFileReference; explicitFileType = wrapper.application; includeInIndex = 0; path = AutismScheduler.app; sourceTree = BUILT_PRODUCTS_DIR; };
		DFC9F6482084FAD0000A7452 /* AppDelegate.swift */ = {isa = PBXFileReference; lastKnownFileType = sourcecode.swift; path = AppDelegate.swift; sourceTree = "<group>"; };
		DFC9F64D2084FAD0000A7452 /* Base */ = {isa = PBXFileReference; lastKnownFileType = file.storyboard; name = Base; path = Base.lproj/Main.storyboard; sourceTree = "<group>"; };
		DFC9F64F2084FAD6000A7452 /* Assets.xcassets */ = {isa = PBXFileReference; lastKnownFileType = folder.assetcatalog; path = Assets.xcassets; sourceTree = "<group>"; };
		DFC9F6522084FAD6000A7452 /* Base */ = {isa = PBXFileReference; lastKnownFileType = file.storyboard; name = Base; path = Base.lproj/LaunchScreen.storyboard; sourceTree = "<group>"; };
		DFC9F6542084FAD6000A7452 /* Info.plist */ = {isa = PBXFileReference; lastKnownFileType = text.plist.xml; path = Info.plist; sourceTree = "<group>"; };
		DFC9F6592084FAD6000A7452 /* AutismSchedulerTests.xctest */ = {isa = PBXFileReference; explicitFileType = wrapper.cfbundle; includeInIndex = 0; path = AutismSchedulerTests.xctest; sourceTree = BUILT_PRODUCTS_DIR; };
		DFC9F65D2084FAD6000A7452 /* AutismSchedulerTests.swift */ = {isa = PBXFileReference; lastKnownFileType = sourcecode.swift; path = AutismSchedulerTests.swift; sourceTree = "<group>"; };
		DFC9F65F2084FAD6000A7452 /* Info.plist */ = {isa = PBXFileReference; lastKnownFileType = text.plist.xml; path = Info.plist; sourceTree = "<group>"; };
		DFC9F66D2084FD20000A7452 /* AutismScheduler.entitlements */ = {isa = PBXFileReference; lastKnownFileType = text.plist.entitlements; path = AutismScheduler.entitlements; sourceTree = "<group>"; };
		DFC9F66F2084FD2B000A7452 /* CloudKit.framework */ = {isa = PBXFileReference; lastKnownFileType = wrapper.framework; name = CloudKit.framework; path = System/Library/Frameworks/CloudKit.framework; sourceTree = SDKROOT; };
		DFC9F681208504D1000A7452 /* ChildController.swift */ = {isa = PBXFileReference; lastKnownFileType = sourcecode.swift; path = ChildController.swift; sourceTree = "<group>"; };
		DFC9F683208504DD000A7452 /* ActivityController.swift */ = {isa = PBXFileReference; lastKnownFileType = sourcecode.swift; path = ActivityController.swift; sourceTree = "<group>"; };
		DFC9F685208504E8000A7452 /* TaskController.swift */ = {isa = PBXFileReference; lastKnownFileType = sourcecode.swift; path = TaskController.swift; sourceTree = "<group>"; };
		DFC9F688208516C1000A7452 /* MainViewController.swift */ = {isa = PBXFileReference; lastKnownFileType = sourcecode.swift; path = MainViewController.swift; sourceTree = "<group>"; };
		DFC9F68A20851DC8000A7452 /* ChildCollectionViewCell.swift */ = {isa = PBXFileReference; lastKnownFileType = sourcecode.swift; path = ChildCollectionViewCell.swift; sourceTree = "<group>"; };
		DFC9F68C20851E42000A7452 /* NoChildCollectionViewCell.swift */ = {isa = PBXFileReference; lastKnownFileType = sourcecode.swift; path = NoChildCollectionViewCell.swift; sourceTree = "<group>"; };
		DFC9F69220856821000A7452 /* AddChildViewController.swift */ = {isa = PBXFileReference; lastKnownFileType = sourcecode.swift; path = AddChildViewController.swift; sourceTree = "<group>"; };
/* End PBXFileReference section */

/* Begin PBXFrameworksBuildPhase section */
		DFC9F6422084FAD0000A7452 /* Frameworks */ = {
			isa = PBXFrameworksBuildPhase;
			buildActionMask = 2147483647;
			files = (
				DFC9F6702084FD2B000A7452 /* CloudKit.framework in Frameworks */,
			);
			runOnlyForDeploymentPostprocessing = 0;
		};
		DFC9F6562084FAD6000A7452 /* Frameworks */ = {
			isa = PBXFrameworksBuildPhase;
			buildActionMask = 2147483647;
			files = (
			);
			runOnlyForDeploymentPostprocessing = 0;
		};
/* End PBXFrameworksBuildPhase section */

/* Begin PBXGroup section */
		DF42B9432087C0DE00C015E4 /* Storyboards */ = {
			isa = PBXGroup;
			children = (
				DF42B9412087C01B00C015E4 /* TabBarController.storyboard */,
				DFC9F64C2084FAD0000A7452 /* Main.storyboard */,
				DF42B94B2087E82100C015E4 /* AddChild.storyboard */,
				DF42B9452087C10700C015E4 /* ActivityList.storyboard */,
				DF42B9472087C11300C015E4 /* TaskList.storyboard */,
			);
			path = Storyboards;
			sourceTree = "<group>";
		};
		DF42B9442087C0E900C015E4 /* CustomCells */ = {
			isa = PBXGroup;
			children = (
				DFC9F68A20851DC8000A7452 /* ChildCollectionViewCell.swift */,
				DFC9F68C20851E42000A7452 /* NoChildCollectionViewCell.swift */,
				DF705E3B208A63930038F52A /* ActivityTableViewCell.swift */,
				DF0CBD922090D5AE0079845E /* AssignedTaskTableViewCell.swift */,
				DF705E3D208A87A40038F52A /* TaskTableViewCell.swift */,
			);
			path = CustomCells;
			sourceTree = "<group>";
		};
		DFC9F63C2084FAD0000A7452 = {
			isa = PBXGroup;
			children = (
				DFC9F6472084FAD0000A7452 /* AutismScheduler */,
				DFC9F65C2084FAD6000A7452 /* AutismSchedulerTests */,
				DFC9F6462084FAD0000A7452 /* Products */,
				DFC9F66E2084FD2B000A7452 /* Frameworks */,
			);
			sourceTree = "<group>";
		};
		DFC9F6462084FAD0000A7452 /* Products */ = {
			isa = PBXGroup;
			children = (
				DFC9F6452084FAD0000A7452 /* AutismScheduler.app */,
				DFC9F6592084FAD6000A7452 /* AutismSchedulerTests.xctest */,
			);
			name = Products;
			sourceTree = "<group>";
		};
		DFC9F6472084FAD0000A7452 /* AutismScheduler */ = {
			isa = PBXGroup;
			children = (
				DFC9F66C2084FC55000A7452 /* Models */,
				DFC9F66B2084FC50000A7452 /* Model Controllers */,
				DFC9F66A2084FC48000A7452 /* View Controllers */,
				DFC9F6692084FC24000A7452 /* Views and Storyboards */,
				DFC9F6682084FC06000A7452 /* Resources */,
				DFC9F66D2084FD20000A7452 /* AutismScheduler.entitlements */,
			);
			path = AutismScheduler;
			sourceTree = "<group>";
		};
		DFC9F65C2084FAD6000A7452 /* AutismSchedulerTests */ = {
			isa = PBXGroup;
			children = (
				DFC9F65D2084FAD6000A7452 /* AutismSchedulerTests.swift */,
				DFC9F65F2084FAD6000A7452 /* Info.plist */,
			);
			path = AutismSchedulerTests;
			sourceTree = "<group>";
		};
		DFC9F6682084FC06000A7452 /* Resources */ = {
			isa = PBXGroup;
			children = (
				DFC9F68720850527000A7452 /* Helpers */,
				DFC9F6482084FAD0000A7452 /* AppDelegate.swift */,
				DFC9F64F2084FAD6000A7452 /* Assets.xcassets */,
				DFC9F6512084FAD6000A7452 /* LaunchScreen.storyboard */,
				DFC9F6542084FAD6000A7452 /* Info.plist */,
			);
			path = Resources;
			sourceTree = "<group>";
		};
		DFC9F6692084FC24000A7452 /* Views and Storyboards */ = {
			isa = PBXGroup;
			children = (
				DF42B9432087C0DE00C015E4 /* Storyboards */,
				DF42B9442087C0E900C015E4 /* CustomCells */,
			);
			path = "Views and Storyboards";
			sourceTree = "<group>";
		};
		DFC9F66A2084FC48000A7452 /* View Controllers */ = {
			isa = PBXGroup;
			children = (
				DFC9F688208516C1000A7452 /* MainViewController.swift */,
				DFC9F69220856821000A7452 /* AddChildViewController.swift */,
				DF42B94D2088F36300C015E4 /* ActivityListViewController.swift */,
				DF42B9512088F77A00C015E4 /* ActivityDetailViewController.swift */,
				DF42B94F2088F76400C015E4 /* TaskListViewController.swift */,
			);
			path = "View Controllers";
			sourceTree = "<group>";
		};
		DFC9F66B2084FC50000A7452 /* Model Controllers */ = {
			isa = PBXGroup;
			children = (
				DFC9F681208504D1000A7452 /* ChildController.swift */,
				DFC9F683208504DD000A7452 /* ActivityController.swift */,
				DFC9F685208504E8000A7452 /* TaskController.swift */,
			);
			path = "Model Controllers";
			sourceTree = "<group>";
		};
		DFC9F66C2084FC55000A7452 /* Models */ = {
			isa = PBXGroup;
			children = (
				DF42B939208684F800C015E4 /* Child.swift */,
				DF42B93B208686FA00C015E4 /* Activity.swift */,
				DF42B93D20868B3A00C015E4 /* Task.swift */,
			);
			path = Models;
			sourceTree = "<group>";
		};
		DFC9F66E2084FD2B000A7452 /* Frameworks */ = {
			isa = PBXGroup;
			children = (
				DFC9F66F2084FD2B000A7452 /* CloudKit.framework */,
			);
			name = Frameworks;
			sourceTree = "<group>";
		};
		DFC9F68720850527000A7452 /* Helpers */ = {
			isa = PBXGroup;
			children = (
				DF42B93F20868E4500C015E4 /* CloudKitManager.swift */,
			);
			path = Helpers;
			sourceTree = "<group>";
		};
/* End PBXGroup section */

/* Begin PBXNativeTarget section */
		DFC9F6442084FAD0000A7452 /* AutismScheduler */ = {
			isa = PBXNativeTarget;
			buildConfigurationList = DFC9F6622084FAD6000A7452 /* Build configuration list for PBXNativeTarget "AutismScheduler" */;
			buildPhases = (
				DFC9F6412084FAD0000A7452 /* Sources */,
				DFC9F6422084FAD0000A7452 /* Frameworks */,
				DFC9F6432084FAD0000A7452 /* Resources */,
			);
			buildRules = (
			);
			dependencies = (
			);
			name = AutismScheduler;
			productName = AutismScheduler;
			productReference = DFC9F6452084FAD0000A7452 /* AutismScheduler.app */;
			productType = "com.apple.product-type.application";
		};
		DFC9F6582084FAD6000A7452 /* AutismSchedulerTests */ = {
			isa = PBXNativeTarget;
			buildConfigurationList = DFC9F6652084FAD6000A7452 /* Build configuration list for PBXNativeTarget "AutismSchedulerTests" */;
			buildPhases = (
				DFC9F6552084FAD6000A7452 /* Sources */,
				DFC9F6562084FAD6000A7452 /* Frameworks */,
				DFC9F6572084FAD6000A7452 /* Resources */,
			);
			buildRules = (
			);
			dependencies = (
				DFC9F65B2084FAD6000A7452 /* PBXTargetDependency */,
			);
			name = AutismSchedulerTests;
			productName = AutismSchedulerTests;
			productReference = DFC9F6592084FAD6000A7452 /* AutismSchedulerTests.xctest */;
			productType = "com.apple.product-type.bundle.unit-test";
		};
/* End PBXNativeTarget section */

/* Begin PBXProject section */
		DFC9F63D2084FAD0000A7452 /* Project object */ = {
			isa = PBXProject;
			attributes = {
				LastSwiftUpdateCheck = 0930;
				LastUpgradeCheck = 0930;
				ORGANIZATIONNAME = "Steven Brown";
				TargetAttributes = {
					DFC9F6442084FAD0000A7452 = {
						CreatedOnToolsVersion = 9.3;
						SystemCapabilities = {
							com.apple.Push = {
								enabled = 1;
							};
							com.apple.iCloud = {
								enabled = 1;
							};
						};
					};
					DFC9F6582084FAD6000A7452 = {
						CreatedOnToolsVersion = 9.3;
						TestTargetID = DFC9F6442084FAD0000A7452;
					};
				};
			};
			buildConfigurationList = DFC9F6402084FAD0000A7452 /* Build configuration list for PBXProject "AutismScheduler" */;
			compatibilityVersion = "Xcode 9.3";
			developmentRegion = en;
			hasScannedForEncodings = 0;
			knownRegions = (
				en,
				Base,
			);
			mainGroup = DFC9F63C2084FAD0000A7452;
			productRefGroup = DFC9F6462084FAD0000A7452 /* Products */;
			projectDirPath = "";
			projectRoot = "";
			targets = (
				DFC9F6442084FAD0000A7452 /* AutismScheduler */,
				DFC9F6582084FAD6000A7452 /* AutismSchedulerTests */,
			);
		};
/* End PBXProject section */

/* Begin PBXResourcesBuildPhase section */
		DFC9F6432084FAD0000A7452 /* Resources */ = {
			isa = PBXResourcesBuildPhase;
			buildActionMask = 2147483647;
			files = (
				DFC9F6532084FAD6000A7452 /* LaunchScreen.storyboard in Resources */,
				DFC9F6502084FAD6000A7452 /* Assets.xcassets in Resources */,
				DF42B9422087C01B00C015E4 /* TabBarController.storyboard in Resources */,
				DFC9F64E2084FAD0000A7452 /* Main.storyboard in Resources */,
				DF42B9462087C10700C015E4 /* ActivityList.storyboard in Resources */,
				DF42B9482087C11300C015E4 /* TaskList.storyboard in Resources */,
				DF42B94C2087E82100C015E4 /* AddChild.storyboard in Resources */,
			);
			runOnlyForDeploymentPostprocessing = 0;
		};
		DFC9F6572084FAD6000A7452 /* Resources */ = {
			isa = PBXResourcesBuildPhase;
			buildActionMask = 2147483647;
			files = (
			);
			runOnlyForDeploymentPostprocessing = 0;
		};
/* End PBXResourcesBuildPhase section */

/* Begin PBXSourcesBuildPhase section */
		DFC9F6412084FAD0000A7452 /* Sources */ = {
			isa = PBXSourcesBuildPhase;
			buildActionMask = 2147483647;
			files = (
				DF42B9522088F77A00C015E4 /* ActivityDetailViewController.swift in Sources */,
				DFC9F689208516C1000A7452 /* MainViewController.swift in Sources */,
				DFC9F682208504D1000A7452 /* ChildController.swift in Sources */,
				DFC9F69320856821000A7452 /* AddChildViewController.swift in Sources */,
				DF42B93C208686FA00C015E4 /* Activity.swift in Sources */,
				DF42B93E20868B3A00C015E4 /* Task.swift in Sources */,
				DF705E3C208A63930038F52A /* ActivityTableViewCell.swift in Sources */,
				DFC9F68D20851E42000A7452 /* NoChildCollectionViewCell.swift in Sources */,
				DF42B93A208684F800C015E4 /* Child.swift in Sources */,
				DF42B9502088F76400C015E4 /* TaskListViewController.swift in Sources */,
				DF42B94E2088F36300C015E4 /* ActivityListViewController.swift in Sources */,
				DF705E3E208A87A40038F52A /* TaskTableViewCell.swift in Sources */,
				DFC9F686208504E8000A7452 /* TaskController.swift in Sources */,
				DFC9F684208504DD000A7452 /* ActivityController.swift in Sources */,
				DF0CBD932090D5AE0079845E /* AssignedTaskTableViewCell.swift in Sources */,
				DFC9F6492084FAD0000A7452 /* AppDelegate.swift in Sources */,
				DFC9F68B20851DC8000A7452 /* ChildCollectionViewCell.swift in Sources */,
				DF42B94020868E4500C015E4 /* CloudKitManager.swift in Sources */,
			);
			runOnlyForDeploymentPostprocessing = 0;
		};
		DFC9F6552084FAD6000A7452 /* Sources */ = {
			isa = PBXSourcesBuildPhase;
			buildActionMask = 2147483647;
			files = (
				DFC9F65E2084FAD6000A7452 /* AutismSchedulerTests.swift in Sources */,
			);
			runOnlyForDeploymentPostprocessing = 0;
		};
/* End PBXSourcesBuildPhase section */

/* Begin PBXTargetDependency section */
		DFC9F65B2084FAD6000A7452 /* PBXTargetDependency */ = {
			isa = PBXTargetDependency;
			target = DFC9F6442084FAD0000A7452 /* AutismScheduler */;
			targetProxy = DFC9F65A2084FAD6000A7452 /* PBXContainerItemProxy */;
		};
/* End PBXTargetDependency section */

/* Begin PBXVariantGroup section */
		DFC9F64C2084FAD0000A7452 /* Main.storyboard */ = {
			isa = PBXVariantGroup;
			children = (
				DFC9F64D2084FAD0000A7452 /* Base */,
			);
			name = Main.storyboard;
			sourceTree = "<group>";
		};
		DFC9F6512084FAD6000A7452 /* LaunchScreen.storyboard */ = {
			isa = PBXVariantGroup;
			children = (
				DFC9F6522084FAD6000A7452 /* Base */,
			);
			name = LaunchScreen.storyboard;
			sourceTree = "<group>";
		};
/* End PBXVariantGroup section */

/* Begin XCBuildConfiguration section */
		DFC9F6602084FAD6000A7452 /* Debug */ = {
			isa = XCBuildConfiguration;
			buildSettings = {
				ALWAYS_SEARCH_USER_PATHS = NO;
				CLANG_ANALYZER_NONNULL = YES;
				CLANG_ANALYZER_NUMBER_OBJECT_CONVERSION = YES_AGGRESSIVE;
				CLANG_CXX_LANGUAGE_STANDARD = "gnu++14";
				CLANG_CXX_LIBRARY = "libc++";
				CLANG_ENABLE_MODULES = YES;
				CLANG_ENABLE_OBJC_ARC = YES;
				CLANG_ENABLE_OBJC_WEAK = YES;
				CLANG_WARN_BLOCK_CAPTURE_AUTORELEASING = YES;
				CLANG_WARN_BOOL_CONVERSION = YES;
				CLANG_WARN_COMMA = YES;
				CLANG_WARN_CONSTANT_CONVERSION = YES;
				CLANG_WARN_DEPRECATED_OBJC_IMPLEMENTATIONS = YES;
				CLANG_WARN_DIRECT_OBJC_ISA_USAGE = YES_ERROR;
				CLANG_WARN_DOCUMENTATION_COMMENTS = YES;
				CLANG_WARN_EMPTY_BODY = YES;
				CLANG_WARN_ENUM_CONVERSION = YES;
				CLANG_WARN_INFINITE_RECURSION = YES;
				CLANG_WARN_INT_CONVERSION = YES;
				CLANG_WARN_NON_LITERAL_NULL_CONVERSION = YES;
				CLANG_WARN_OBJC_IMPLICIT_RETAIN_SELF = YES;
				CLANG_WARN_OBJC_LITERAL_CONVERSION = YES;
				CLANG_WARN_OBJC_ROOT_CLASS = YES_ERROR;
				CLANG_WARN_RANGE_LOOP_ANALYSIS = YES;
				CLANG_WARN_STRICT_PROTOTYPES = YES;
				CLANG_WARN_SUSPICIOUS_MOVE = YES;
				CLANG_WARN_UNGUARDED_AVAILABILITY = YES_AGGRESSIVE;
				CLANG_WARN_UNREACHABLE_CODE = YES;
				CLANG_WARN__DUPLICATE_METHOD_MATCH = YES;
				CODE_SIGN_IDENTITY = "iPhone Developer";
				COPY_PHASE_STRIP = NO;
				DEBUG_INFORMATION_FORMAT = dwarf;
				ENABLE_STRICT_OBJC_MSGSEND = YES;
				ENABLE_TESTABILITY = YES;
				GCC_C_LANGUAGE_STANDARD = gnu11;
				GCC_DYNAMIC_NO_PIC = NO;
				GCC_NO_COMMON_BLOCKS = YES;
				GCC_OPTIMIZATION_LEVEL = 0;
				GCC_PREPROCESSOR_DEFINITIONS = (
					"DEBUG=1",
					"$(inherited)",
				);
				GCC_WARN_64_TO_32_BIT_CONVERSION = YES;
				GCC_WARN_ABOUT_RETURN_TYPE = YES_ERROR;
				GCC_WARN_UNDECLARED_SELECTOR = YES;
				GCC_WARN_UNINITIALIZED_AUTOS = YES_AGGRESSIVE;
				GCC_WARN_UNUSED_FUNCTION = YES;
				GCC_WARN_UNUSED_VARIABLE = YES;
				IPHONEOS_DEPLOYMENT_TARGET = 11.3;
				MTL_ENABLE_DEBUG_INFO = YES;
				ONLY_ACTIVE_ARCH = YES;
				SDKROOT = iphoneos;
				SWIFT_ACTIVE_COMPILATION_CONDITIONS = DEBUG;
				SWIFT_OPTIMIZATION_LEVEL = "-Onone";
			};
			name = Debug;
		};
		DFC9F6612084FAD6000A7452 /* Release */ = {
			isa = XCBuildConfiguration;
			buildSettings = {
				ALWAYS_SEARCH_USER_PATHS = NO;
				CLANG_ANALYZER_NONNULL = YES;
				CLANG_ANALYZER_NUMBER_OBJECT_CONVERSION = YES_AGGRESSIVE;
				CLANG_CXX_LANGUAGE_STANDARD = "gnu++14";
				CLANG_CXX_LIBRARY = "libc++";
				CLANG_ENABLE_MODULES = YES;
				CLANG_ENABLE_OBJC_ARC = YES;
				CLANG_ENABLE_OBJC_WEAK = YES;
				CLANG_WARN_BLOCK_CAPTURE_AUTORELEASING = YES;
				CLANG_WARN_BOOL_CONVERSION = YES;
				CLANG_WARN_COMMA = YES;
				CLANG_WARN_CONSTANT_CONVERSION = YES;
				CLANG_WARN_DEPRECATED_OBJC_IMPLEMENTATIONS = YES;
				CLANG_WARN_DIRECT_OBJC_ISA_USAGE = YES_ERROR;
				CLANG_WARN_DOCUMENTATION_COMMENTS = YES;
				CLANG_WARN_EMPTY_BODY = YES;
				CLANG_WARN_ENUM_CONVERSION = YES;
				CLANG_WARN_INFINITE_RECURSION = YES;
				CLANG_WARN_INT_CONVERSION = YES;
				CLANG_WARN_NON_LITERAL_NULL_CONVERSION = YES;
				CLANG_WARN_OBJC_IMPLICIT_RETAIN_SELF = YES;
				CLANG_WARN_OBJC_LITERAL_CONVERSION = YES;
				CLANG_WARN_OBJC_ROOT_CLASS = YES_ERROR;
				CLANG_WARN_RANGE_LOOP_ANALYSIS = YES;
				CLANG_WARN_STRICT_PROTOTYPES = YES;
				CLANG_WARN_SUSPICIOUS_MOVE = YES;
				CLANG_WARN_UNGUARDED_AVAILABILITY = YES_AGGRESSIVE;
				CLANG_WARN_UNREACHABLE_CODE = YES;
				CLANG_WARN__DUPLICATE_METHOD_MATCH = YES;
				CODE_SIGN_IDENTITY = "iPhone Developer";
				COPY_PHASE_STRIP = NO;
				DEBUG_INFORMATION_FORMAT = "dwarf-with-dsym";
				ENABLE_NS_ASSERTIONS = NO;
				ENABLE_STRICT_OBJC_MSGSEND = YES;
				GCC_C_LANGUAGE_STANDARD = gnu11;
				GCC_NO_COMMON_BLOCKS = YES;
				GCC_WARN_64_TO_32_BIT_CONVERSION = YES;
				GCC_WARN_ABOUT_RETURN_TYPE = YES_ERROR;
				GCC_WARN_UNDECLARED_SELECTOR = YES;
				GCC_WARN_UNINITIALIZED_AUTOS = YES_AGGRESSIVE;
				GCC_WARN_UNUSED_FUNCTION = YES;
				GCC_WARN_UNUSED_VARIABLE = YES;
				IPHONEOS_DEPLOYMENT_TARGET = 11.3;
				MTL_ENABLE_DEBUG_INFO = NO;
				SDKROOT = iphoneos;
				SWIFT_COMPILATION_MODE = wholemodule;
				SWIFT_OPTIMIZATION_LEVEL = "-O";
				VALIDATE_PRODUCT = YES;
			};
			name = Release;
		};
		DFC9F6632084FAD6000A7452 /* Debug */ = {
			isa = XCBuildConfiguration;
			buildSettings = {
				ASSETCATALOG_COMPILER_APPICON_NAME = AppIcon;
				CODE_SIGN_ENTITLEMENTS = AutismScheduler/AutismScheduler.entitlements;
				CODE_SIGN_STYLE = Automatic;
				DEVELOPMENT_TEAM = 5H5Z34E2S5;
				INFOPLIST_FILE = "$(SRCROOT)/AutismScheduler/Resources/Info.plist";
				LD_RUNPATH_SEARCH_PATHS = (
					"$(inherited)",
					"@executable_path/Frameworks",
				);
				PRODUCT_BUNDLE_IDENTIFIER = com.stevenbrown.AutismScheduler;
				PRODUCT_NAME = "$(TARGET_NAME)";
				SWIFT_VERSION = 4.0;
				TARGETED_DEVICE_FAMILY = "1,2";
			};
			name = Debug;
		};
		DFC9F6642084FAD6000A7452 /* Release */ = {
			isa = XCBuildConfiguration;
			buildSettings = {
				ASSETCATALOG_COMPILER_APPICON_NAME = AppIcon;
				CODE_SIGN_ENTITLEMENTS = AutismScheduler/AutismScheduler.entitlements;
				CODE_SIGN_STYLE = Automatic;
				DEVELOPMENT_TEAM = 5H5Z34E2S5;
				INFOPLIST_FILE = "$(SRCROOT)/AutismScheduler/Resources/Info.plist";
				LD_RUNPATH_SEARCH_PATHS = (
					"$(inherited)",
					"@executable_path/Frameworks",
				);
				PRODUCT_BUNDLE_IDENTIFIER = com.stevenbrown.AutismScheduler;
				PRODUCT_NAME = "$(TARGET_NAME)";
				SWIFT_VERSION = 4.0;
				TARGETED_DEVICE_FAMILY = "1,2";
			};
			name = Release;
		};
		DFC9F6662084FAD6000A7452 /* Debug */ = {
			isa = XCBuildConfiguration;
			buildSettings = {
				ALWAYS_EMBED_SWIFT_STANDARD_LIBRARIES = YES;
				BUNDLE_LOADER = "$(TEST_HOST)";
				CODE_SIGN_STYLE = Automatic;
				DEVELOPMENT_TEAM = 5H5Z34E2S5;
				INFOPLIST_FILE = AutismSchedulerTests/Info.plist;
				LD_RUNPATH_SEARCH_PATHS = (
					"$(inherited)",
					"@executable_path/Frameworks",
					"@loader_path/Frameworks",
				);
				PRODUCT_BUNDLE_IDENTIFIER = com.stevenbrown.AutismSchedulerTests;
				PRODUCT_NAME = "$(TARGET_NAME)";
				SWIFT_VERSION = 4.0;
				TARGETED_DEVICE_FAMILY = "1,2";
				TEST_HOST = "$(BUILT_PRODUCTS_DIR)/AutismScheduler.app/AutismScheduler";
			};
			name = Debug;
		};
		DFC9F6672084FAD6000A7452 /* Release */ = {
			isa = XCBuildConfiguration;
			buildSettings = {
				ALWAYS_EMBED_SWIFT_STANDARD_LIBRARIES = YES;
				BUNDLE_LOADER = "$(TEST_HOST)";
				CODE_SIGN_STYLE = Automatic;
				DEVELOPMENT_TEAM = 5H5Z34E2S5;
				INFOPLIST_FILE = AutismSchedulerTests/Info.plist;
				LD_RUNPATH_SEARCH_PATHS = (
					"$(inherited)",
					"@executable_path/Frameworks",
					"@loader_path/Frameworks",
				);
				PRODUCT_BUNDLE_IDENTIFIER = com.stevenbrown.AutismSchedulerTests;
				PRODUCT_NAME = "$(TARGET_NAME)";
				SWIFT_VERSION = 4.0;
				TARGETED_DEVICE_FAMILY = "1,2";
				TEST_HOST = "$(BUILT_PRODUCTS_DIR)/AutismScheduler.app/AutismScheduler";
			};
			name = Release;
		};
/* End XCBuildConfiguration section */

/* Begin XCConfigurationList section */
		DFC9F6402084FAD0000A7452 /* Build configuration list for PBXProject "AutismScheduler" */ = {
			isa = XCConfigurationList;
			buildConfigurations = (
				DFC9F6602084FAD6000A7452 /* Debug */,
				DFC9F6612084FAD6000A7452 /* Release */,
			);
			defaultConfigurationIsVisible = 0;
			defaultConfigurationName = Release;
		};
		DFC9F6622084FAD6000A7452 /* Build configuration list for PBXNativeTarget "AutismScheduler" */ = {
			isa = XCConfigurationList;
			buildConfigurations = (
				DFC9F6632084FAD6000A7452 /* Debug */,
				DFC9F6642084FAD6000A7452 /* Release */,
			);
			defaultConfigurationIsVisible = 0;
			defaultConfigurationName = Release;
		};
		DFC9F6652084FAD6000A7452 /* Build configuration list for PBXNativeTarget "AutismSchedulerTests" */ = {
			isa = XCConfigurationList;
			buildConfigurations = (
				DFC9F6662084FAD6000A7452 /* Debug */,
				DFC9F6672084FAD6000A7452 /* Release */,
			);
			defaultConfigurationIsVisible = 0;
			defaultConfigurationName = Release;
		};
/* End XCConfigurationList section */
	};
	rootObject = DFC9F63D2084FAD0000A7452 /* Project object */;
}
